// !$*UTF8*$!
{
	archiveVersion = 1;
	classes = {
	};
	objectVersion = 77;
	objects = {

/* Begin PBXBuildFile section */
		07D226102CB7D2D900A27FF7 /* AppDelegate.swift in Sources */ = {isa = PBXBuildFile; fileRef = 07D226072CB7D2D900A27FF7 /* AppDelegate.swift */; };
		07D226112CB7D2D900A27FF7 /* BaseViewController.swift in Sources */ = {isa = PBXBuildFile; fileRef = 07D226092CB7D2D900A27FF7 /* BaseViewController.swift */; };
		07D226122CB7D2D900A27FF7 /* ModalViewController.swift in Sources */ = {isa = PBXBuildFile; fileRef = 07D2260B2CB7D2D900A27FF7 /* ModalViewController.swift */; };
		07D226132CB7D2D900A27FF7 /* NavigationViewController.swift in Sources */ = {isa = PBXBuildFile; fileRef = 07D2260C2CB7D2D900A27FF7 /* NavigationViewController.swift */; };
		07D226142CB7D2D900A27FF7 /* SceneDelegate.swift in Sources */ = {isa = PBXBuildFile; fileRef = 07D2260D2CB7D2D900A27FF7 /* SceneDelegate.swift */; };
		07D226152CB7D2D900A27FF7 /* ViewController.swift in Sources */ = {isa = PBXBuildFile; fileRef = 07D2260E2CB7D2D900A27FF7 /* ViewController.swift */; };
		07D226162CB7D2D900A27FF7 /* Assets.xcassets in Resources */ = {isa = PBXBuildFile; fileRef = 07D226082CB7D2D900A27FF7 /* Assets.xcassets */; };
		07D2261A2CB7D31700A27FF7 /* TeenipingViewController.swift in Sources */ = {isa = PBXBuildFile; fileRef = 07D226192CB7D31700A27FF7 /* TeenipingViewController.swift */; };
		07D2261C2CB7D34500A27FF7 /* TeenipingView.swift in Sources */ = {isa = PBXBuildFile; fileRef = 07D2261B2CB7D34500A27FF7 /* TeenipingView.swift */; };
		07D2261F2CB7D3AA00A27FF7 /* Then in Frameworks */ = {isa = PBXBuildFile; productRef = 07D2261E2CB7D3AA00A27FF7 /* Then */; };
		07D226232CB7ED0000A27FF7 /* TeenipingCollectionViewCell.swift in Sources */ = {isa = PBXBuildFile; fileRef = 07D226222CB7ED0000A27FF7 /* TeenipingCollectionViewCell.swift */; };
		07D226252CB7F08C00A27FF7 /* TeenipingModel.swift in Sources */ = {isa = PBXBuildFile; fileRef = 07D226242CB7F08C00A27FF7 /* TeenipingModel.swift */; };
		07D4548E2CAEC6B5009FD782 /* SnapKit in Frameworks */ = {isa = PBXBuildFile; productRef = 07D4548D2CAEC6B5009FD782 /* SnapKit */; };
/* End PBXBuildFile section */

/* Begin PBXFileReference section */
		07C5FB622CA2385300BC0079 /* UMC-iOS-Workbook.app */ = {isa = PBXFileReference; explicitFileType = wrapper.application; includeInIndex = 0; path = "UMC-iOS-Workbook.app"; sourceTree = BUILT_PRODUCTS_DIR; };
		07D226072CB7D2D900A27FF7 /* AppDelegate.swift */ = {isa = PBXFileReference; lastKnownFileType = sourcecode.swift; path = AppDelegate.swift; sourceTree = "<group>"; };
		07D226082CB7D2D900A27FF7 /* Assets.xcassets */ = {isa = PBXFileReference; lastKnownFileType = folder.assetcatalog; path = Assets.xcassets; sourceTree = "<group>"; };
		07D226092CB7D2D900A27FF7 /* BaseViewController.swift */ = {isa = PBXFileReference; lastKnownFileType = sourcecode.swift; path = BaseViewController.swift; sourceTree = "<group>"; };
		07D2260A2CB7D2D900A27FF7 /* Info.plist */ = {isa = PBXFileReference; lastKnownFileType = text.plist.xml; path = Info.plist; sourceTree = "<group>"; };
		07D2260B2CB7D2D900A27FF7 /* ModalViewController.swift */ = {isa = PBXFileReference; lastKnownFileType = sourcecode.swift; path = ModalViewController.swift; sourceTree = "<group>"; };
		07D2260C2CB7D2D900A27FF7 /* NavigationViewController.swift */ = {isa = PBXFileReference; lastKnownFileType = sourcecode.swift; path = NavigationViewController.swift; sourceTree = "<group>"; };
		07D2260D2CB7D2D900A27FF7 /* SceneDelegate.swift */ = {isa = PBXFileReference; lastKnownFileType = sourcecode.swift; path = SceneDelegate.swift; sourceTree = "<group>"; };
		07D2260E2CB7D2D900A27FF7 /* ViewController.swift */ = {isa = PBXFileReference; lastKnownFileType = sourcecode.swift; path = ViewController.swift; sourceTree = "<group>"; };
		07D226192CB7D31700A27FF7 /* TeenipingViewController.swift */ = {isa = PBXFileReference; lastKnownFileType = sourcecode.swift; path = TeenipingViewController.swift; sourceTree = "<group>"; };
		07D2261B2CB7D34500A27FF7 /* TeenipingView.swift */ = {isa = PBXFileReference; lastKnownFileType = sourcecode.swift; path = TeenipingView.swift; sourceTree = "<group>"; };
		07D226222CB7ED0000A27FF7 /* TeenipingCollectionViewCell.swift */ = {isa = PBXFileReference; lastKnownFileType = sourcecode.swift; path = TeenipingCollectionViewCell.swift; sourceTree = "<group>"; };
		07D226242CB7F08C00A27FF7 /* TeenipingModel.swift */ = {isa = PBXFileReference; lastKnownFileType = sourcecode.swift; path = TeenipingModel.swift; sourceTree = "<group>"; };
/* End PBXFileReference section */

/* Begin PBXFrameworksBuildPhase section */
		07C5FB5F2CA2385300BC0079 /* Frameworks */ = {
			isa = PBXFrameworksBuildPhase;
			buildActionMask = 2147483647;
			files = (
				07D4548E2CAEC6B5009FD782 /* SnapKit in Frameworks */,
				07D2261F2CB7D3AA00A27FF7 /* Then in Frameworks */,
			);
			runOnlyForDeploymentPostprocessing = 0;
		};
/* End PBXFrameworksBuildPhase section */

/* Begin PBXGroup section */
		07C5FB592CA2385300BC0079 = {
			isa = PBXGroup;
			children = (
				07D2260F2CB7D2D900A27FF7 /* UMC-iOS-Workbook */,
				07C5FB632CA2385300BC0079 /* Products */,
			);
			sourceTree = "<group>";
		};
		07C5FB632CA2385300BC0079 /* Products */ = {
			isa = PBXGroup;
			children = (
				07C5FB622CA2385300BC0079 /* UMC-iOS-Workbook.app */,
			);
			name = Products;
			sourceTree = "<group>";
		};
		07D226062CB7D2D900A27FF7 /* Week2 */ = {
			isa = PBXGroup;
			children = (
				07D2260B2CB7D2D900A27FF7 /* ModalViewController.swift */,
				07D2260C2CB7D2D900A27FF7 /* NavigationViewController.swift */,
				07D2260E2CB7D2D900A27FF7 /* ViewController.swift */,
				07D226092CB7D2D900A27FF7 /* BaseViewController.swift */,
			);
			path = Week2;
			sourceTree = "<group>";
		};
		07D2260F2CB7D2D900A27FF7 /* UMC-iOS-Workbook */ = {
			isa = PBXGroup;
			children = (
				07D226072CB7D2D900A27FF7 /* AppDelegate.swift */,
				07D2260D2CB7D2D900A27FF7 /* SceneDelegate.swift */,
				07D226062CB7D2D900A27FF7 /* Week2 */,
				07D226082CB7D2D900A27FF7 /* Assets.xcassets */,
				07D2260A2CB7D2D900A27FF7 /* Info.plist */,
				07D226182CB7D2F900A27FF7 /* Week4 */,
			);
			path = "UMC-iOS-Workbook";
			sourceTree = "<group>";
		};
		07D226182CB7D2F900A27FF7 /* Week4 */ = {
			isa = PBXGroup;
			children = (
				07D226192CB7D31700A27FF7 /* TeenipingViewController.swift */,
				07D2261B2CB7D34500A27FF7 /* TeenipingView.swift */,
				07D226222CB7ED0000A27FF7 /* TeenipingCollectionViewCell.swift */,
				07D226242CB7F08C00A27FF7 /* TeenipingModel.swift */,
			);
			path = Week4;
			sourceTree = "<group>";
		};
/* End PBXGroup section */

/* Begin PBXNativeTarget section */
		07C5FB612CA2385300BC0079 /* UMC-iOS-Workbook */ = {
			isa = PBXNativeTarget;
			buildConfigurationList = 07C5FB752CA2385500BC0079 /* Build configuration list for PBXNativeTarget "UMC-iOS-Workbook" */;
			buildPhases = (
				07C5FB5E2CA2385300BC0079 /* Sources */,
				07C5FB5F2CA2385300BC0079 /* Frameworks */,
				07C5FB602CA2385300BC0079 /* Resources */,
			);
			buildRules = (
			);
			dependencies = (
			);
			name = "UMC-iOS-Workbook";
			packageProductDependencies = (
				07D4548D2CAEC6B5009FD782 /* SnapKit */,
				07D2261E2CB7D3AA00A27FF7 /* Then */,
			);
			productName = "UMC-iOS-Workbook";
			productReference = 07C5FB622CA2385300BC0079 /* UMC-iOS-Workbook.app */;
			productType = "com.apple.product-type.application";
		};
/* End PBXNativeTarget section */

/* Begin PBXProject section */
		07C5FB5A2CA2385300BC0079 /* Project object */ = {
			isa = PBXProject;
			attributes = {
				BuildIndependentTargetsInParallel = 1;
				LastSwiftUpdateCheck = 1600;
				LastUpgradeCheck = 1600;
				TargetAttributes = {
					07C5FB612CA2385300BC0079 = {
						CreatedOnToolsVersion = 16.0;
					};
				};
			};
			buildConfigurationList = 07C5FB5D2CA2385300BC0079 /* Build configuration list for PBXProject "UMC-iOS-Workbook" */;
			developmentRegion = en;
			hasScannedForEncodings = 0;
			knownRegions = (
				en,
				Base,
			);
			mainGroup = 07C5FB592CA2385300BC0079;
			minimizedProjectReferenceProxies = 1;
			packageReferences = (
				07D4548C2CAEC6B5009FD782 /* XCRemoteSwiftPackageReference "SnapKit" */,
				07D2261D2CB7D3AA00A27FF7 /* XCRemoteSwiftPackageReference "Then" */,
			);
			preferredProjectObjectVersion = 77;
			productRefGroup = 07C5FB632CA2385300BC0079 /* Products */;
			projectDirPath = "";
			projectRoot = "";
			targets = (
				07C5FB612CA2385300BC0079 /* UMC-iOS-Workbook */,
			);
		};
/* End PBXProject section */

/* Begin PBXResourcesBuildPhase section */
		07C5FB602CA2385300BC0079 /* Resources */ = {
			isa = PBXResourcesBuildPhase;
			buildActionMask = 2147483647;
			files = (
				07D226162CB7D2D900A27FF7 /* Assets.xcassets in Resources */,
			);
			runOnlyForDeploymentPostprocessing = 0;
		};
/* End PBXResourcesBuildPhase section */

/* Begin PBXSourcesBuildPhase section */
		07C5FB5E2CA2385300BC0079 /* Sources */ = {
			isa = PBXSourcesBuildPhase;
			buildActionMask = 2147483647;
			files = (
				07D226102CB7D2D900A27FF7 /* AppDelegate.swift in Sources */,
				07D226112CB7D2D900A27FF7 /* BaseViewController.swift in Sources */,
				07D226122CB7D2D900A27FF7 /* ModalViewController.swift in Sources */,
				07D226132CB7D2D900A27FF7 /* NavigationViewController.swift in Sources */,
				07D2261C2CB7D34500A27FF7 /* TeenipingView.swift in Sources */,
				07D226142CB7D2D900A27FF7 /* SceneDelegate.swift in Sources */,
				07D226152CB7D2D900A27FF7 /* ViewController.swift in Sources */,
				07D226232CB7ED0000A27FF7 /* TeenipingCollectionViewCell.swift in Sources */,
				07D2261A2CB7D31700A27FF7 /* TeenipingViewController.swift in Sources */,
				07D226252CB7F08C00A27FF7 /* TeenipingModel.swift in Sources */,
			);
			runOnlyForDeploymentPostprocessing = 0;
		};
/* End PBXSourcesBuildPhase section */

/* Begin XCBuildConfiguration section */
		07C5FB762CA2385500BC0079 /* Debug */ = {
			isa = XCBuildConfiguration;
			buildSettings = {
				ASSETCATALOG_COMPILER_APPICON_NAME = AppIcon;
				ASSETCATALOG_COMPILER_GLOBAL_ACCENT_COLOR_NAME = AccentColor;
				CODE_SIGN_STYLE = Automatic;
				CURRENT_PROJECT_VERSION = 1;
				DEVELOPMENT_TEAM = BBVZV8T99P;
				GENERATE_INFOPLIST_FILE = YES;
				INFOPLIST_FILE = "UMC-iOS-Workbook/Info.plist";
				INFOPLIST_KEY_UIApplicationSupportsIndirectInputEvents = YES;
				INFOPLIST_KEY_UILaunchStoryboardName = LaunchScreen;
				INFOPLIST_KEY_UISupportedInterfaceOrientations_iPad = "UIInterfaceOrientationPortrait UIInterfaceOrientationPortraitUpsideDown UIInterfaceOrientationLandscapeLeft UIInterfaceOrientationLandscapeRight";
				INFOPLIST_KEY_UISupportedInterfaceOrientations_iPhone = "UIInterfaceOrientationPortrait UIInterfaceOrientationLandscapeLeft UIInterfaceOrientationLandscapeRight";
				LD_RUNPATH_SEARCH_PATHS = (
					"$(inherited)",
					"@executable_path/Frameworks",
				);
				MARKETING_VERSION = 1.0;
				PRODUCT_BUNDLE_IDENTIFIER = "edu.soongsil.cs.20213583.UMC-iOS-Workbook";
				PRODUCT_NAME = "$(TARGET_NAME)";
				SWIFT_EMIT_LOC_STRINGS = YES;
				SWIFT_VERSION = 5.0;
				TARGETED_DEVICE_FAMILY = "1,2";
			};
			name = Debug;
		};
		07C5FB772CA2385500BC0079 /* Release */ = {
			isa = XCBuildConfiguration;
			buildSettings = {
				ASSETCATALOG_COMPILER_APPICON_NAME = AppIcon;
				ASSETCATALOG_COMPILER_GLOBAL_ACCENT_COLOR_NAME = AccentColor;
				CODE_SIGN_STYLE = Automatic;
				CURRENT_PROJECT_VERSION = 1;
				DEVELOPMENT_TEAM = BBVZV8T99P;
				GENERATE_INFOPLIST_FILE = YES;
				INFOPLIST_FILE = "UMC-iOS-Workbook/Info.plist";
				INFOPLIST_KEY_UIApplicationSupportsIndirectInputEvents = YES;
				INFOPLIST_KEY_UILaunchStoryboardName = LaunchScreen;
				INFOPLIST_KEY_UISupportedInterfaceOrientations_iPad = "UIInterfaceOrientationPortrait UIInterfaceOrientationPortraitUpsideDown UIInterfaceOrientationLandscapeLeft UIInterfaceOrientationLandscapeRight";
				INFOPLIST_KEY_UISupportedInterfaceOrientations_iPhone = "UIInterfaceOrientationPortrait UIInterfaceOrientationLandscapeLeft UIInterfaceOrientationLandscapeRight";
				LD_RUNPATH_SEARCH_PATHS = (
					"$(inherited)",
					"@executable_path/Frameworks",
				);
				MARKETING_VERSION = 1.0;
				PRODUCT_BUNDLE_IDENTIFIER = "edu.soongsil.cs.20213583.UMC-iOS-Workbook";
				PRODUCT_NAME = "$(TARGET_NAME)";
				SWIFT_EMIT_LOC_STRINGS = YES;
				SWIFT_VERSION = 5.0;
				TARGETED_DEVICE_FAMILY = "1,2";
			};
			name = Release;
		};
		07C5FB782CA2385500BC0079 /* Debug */ = {
			isa = XCBuildConfiguration;
			buildSettings = {
				ALWAYS_SEARCH_USER_PATHS = NO;
				ASSETCATALOG_COMPILER_GENERATE_SWIFT_ASSET_SYMBOL_EXTENSIONS = YES;
				CLANG_ANALYZER_NONNULL = YES;
				CLANG_ANALYZER_NUMBER_OBJECT_CONVERSION = YES_AGGRESSIVE;
				CLANG_CXX_LANGUAGE_STANDARD = "gnu++20";
				CLANG_ENABLE_MODULES = YES;
				CLANG_ENABLE_OBJC_ARC = YES;
				CLANG_ENABLE_OBJC_WEAK = YES;
				CLANG_WARN_BLOCK_CAPTURE_AUTORELEASING = YES;
				CLANG_WARN_BOOL_CONVERSION = YES;
				CLANG_WARN_COMMA = YES;
				CLANG_WARN_CONSTANT_CONVERSION = YES;
				CLANG_WARN_DEPRECATED_OBJC_IMPLEMENTATIONS = YES;
				CLANG_WARN_DIRECT_OBJC_ISA_USAGE = YES_ERROR;
				CLANG_WARN_DOCUMENTATION_COMMENTS = YES;
				CLANG_WARN_EMPTY_BODY = YES;
				CLANG_WARN_ENUM_CONVERSION = YES;
				CLANG_WARN_INFINITE_RECURSION = YES;
				CLANG_WARN_INT_CONVERSION = YES;
				CLANG_WARN_NON_LITERAL_NULL_CONVERSION = YES;
				CLANG_WARN_OBJC_IMPLICIT_RETAIN_SELF = YES;
				CLANG_WARN_OBJC_LITERAL_CONVERSION = YES;
				CLANG_WARN_OBJC_ROOT_CLASS = YES_ERROR;
				CLANG_WARN_QUOTED_INCLUDE_IN_FRAMEWORK_HEADER = YES;
				CLANG_WARN_RANGE_LOOP_ANALYSIS = YES;
				CLANG_WARN_STRICT_PROTOTYPES = YES;
				CLANG_WARN_SUSPICIOUS_MOVE = YES;
				CLANG_WARN_UNGUARDED_AVAILABILITY = YES_AGGRESSIVE;
				CLANG_WARN_UNREACHABLE_CODE = YES;
				CLANG_WARN__DUPLICATE_METHOD_MATCH = YES;
				COPY_PHASE_STRIP = NO;
				DEBUG_INFORMATION_FORMAT = dwarf;
				ENABLE_STRICT_OBJC_MSGSEND = YES;
				ENABLE_TESTABILITY = YES;
				ENABLE_USER_SCRIPT_SANDBOXING = YES;
				GCC_C_LANGUAGE_STANDARD = gnu17;
				GCC_DYNAMIC_NO_PIC = NO;
				GCC_NO_COMMON_BLOCKS = YES;
				GCC_OPTIMIZATION_LEVEL = 0;
				GCC_PREPROCESSOR_DEFINITIONS = (
					"DEBUG=1",
					"$(inherited)",
				);
				GCC_WARN_64_TO_32_BIT_CONVERSION = YES;
				GCC_WARN_ABOUT_RETURN_TYPE = YES_ERROR;
				GCC_WARN_UNDECLARED_SELECTOR = YES;
				GCC_WARN_UNINITIALIZED_AUTOS = YES_AGGRESSIVE;
				GCC_WARN_UNUSED_FUNCTION = YES;
				GCC_WARN_UNUSED_VARIABLE = YES;
				IPHONEOS_DEPLOYMENT_TARGET = 18.0;
				LOCALIZATION_PREFERS_STRING_CATALOGS = YES;
				MTL_ENABLE_DEBUG_INFO = INCLUDE_SOURCE;
				MTL_FAST_MATH = YES;
				ONLY_ACTIVE_ARCH = YES;
				SDKROOT = iphoneos;
				SWIFT_ACTIVE_COMPILATION_CONDITIONS = "DEBUG $(inherited)";
				SWIFT_OPTIMIZATION_LEVEL = "-Onone";
			};
			name = Debug;
		};
		07C5FB792CA2385500BC0079 /* Release */ = {
			isa = XCBuildConfiguration;
			buildSettings = {
				ALWAYS_SEARCH_USER_PATHS = NO;
				ASSETCATALOG_COMPILER_GENERATE_SWIFT_ASSET_SYMBOL_EXTENSIONS = YES;
				CLANG_ANALYZER_NONNULL = YES;
				CLANG_ANALYZER_NUMBER_OBJECT_CONVERSION = YES_AGGRESSIVE;
				CLANG_CXX_LANGUAGE_STANDARD = "gnu++20";
				CLANG_ENABLE_MODULES = YES;
				CLANG_ENABLE_OBJC_ARC = YES;
				CLANG_ENABLE_OBJC_WEAK = YES;
				CLANG_WARN_BLOCK_CAPTURE_AUTORELEASING = YES;
				CLANG_WARN_BOOL_CONVERSION = YES;
				CLANG_WARN_COMMA = YES;
				CLANG_WARN_CONSTANT_CONVERSION = YES;
				CLANG_WARN_DEPRECATED_OBJC_IMPLEMENTATIONS = YES;
				CLANG_WARN_DIRECT_OBJC_ISA_USAGE = YES_ERROR;
				CLANG_WARN_DOCUMENTATION_COMMENTS = YES;
				CLANG_WARN_EMPTY_BODY = YES;
				CLANG_WARN_ENUM_CONVERSION = YES;
				CLANG_WARN_INFINITE_RECURSION = YES;
				CLANG_WARN_INT_CONVERSION = YES;
				CLANG_WARN_NON_LITERAL_NULL_CONVERSION = YES;
				CLANG_WARN_OBJC_IMPLICIT_RETAIN_SELF = YES;
				CLANG_WARN_OBJC_LITERAL_CONVERSION = YES;
				CLANG_WARN_OBJC_ROOT_CLASS = YES_ERROR;
				CLANG_WARN_QUOTED_INCLUDE_IN_FRAMEWORK_HEADER = YES;
				CLANG_WARN_RANGE_LOOP_ANALYSIS = YES;
				CLANG_WARN_STRICT_PROTOTYPES = YES;
				CLANG_WARN_SUSPICIOUS_MOVE = YES;
				CLANG_WARN_UNGUARDED_AVAILABILITY = YES_AGGRESSIVE;
				CLANG_WARN_UNREACHABLE_CODE = YES;
				CLANG_WARN__DUPLICATE_METHOD_MATCH = YES;
				COPY_PHASE_STRIP = NO;
				DEBUG_INFORMATION_FORMAT = "dwarf-with-dsym";
				ENABLE_NS_ASSERTIONS = NO;
				ENABLE_STRICT_OBJC_MSGSEND = YES;
				ENABLE_USER_SCRIPT_SANDBOXING = YES;
				GCC_C_LANGUAGE_STANDARD = gnu17;
				GCC_NO_COMMON_BLOCKS = YES;
				GCC_WARN_64_TO_32_BIT_CONVERSION = YES;
				GCC_WARN_ABOUT_RETURN_TYPE = YES_ERROR;
				GCC_WARN_UNDECLARED_SELECTOR = YES;
				GCC_WARN_UNINITIALIZED_AUTOS = YES_AGGRESSIVE;
				GCC_WARN_UNUSED_FUNCTION = YES;
				GCC_WARN_UNUSED_VARIABLE = YES;
				IPHONEOS_DEPLOYMENT_TARGET = 18.0;
				LOCALIZATION_PREFERS_STRING_CATALOGS = YES;
				MTL_ENABLE_DEBUG_INFO = NO;
				MTL_FAST_MATH = YES;
				SDKROOT = iphoneos;
				SWIFT_COMPILATION_MODE = wholemodule;
				VALIDATE_PRODUCT = YES;
			};
			name = Release;
		};
/* End XCBuildConfiguration section */

/* Begin XCConfigurationList section */
		07C5FB5D2CA2385300BC0079 /* Build configuration list for PBXProject "UMC-iOS-Workbook" */ = {
			isa = XCConfigurationList;
			buildConfigurations = (
				07C5FB782CA2385500BC0079 /* Debug */,
				07C5FB792CA2385500BC0079 /* Release */,
			);
			defaultConfigurationIsVisible = 0;
			defaultConfigurationName = Release;
		};
		07C5FB752CA2385500BC0079 /* Build configuration list for PBXNativeTarget "UMC-iOS-Workbook" */ = {
			isa = XCConfigurationList;
			buildConfigurations = (
				07C5FB762CA2385500BC0079 /* Debug */,
				07C5FB772CA2385500BC0079 /* Release */,
			);
			defaultConfigurationIsVisible = 0;
			defaultConfigurationName = Release;
		};
/* End XCConfigurationList section */

/* Begin XCRemoteSwiftPackageReference section */
		07D2261D2CB7D3AA00A27FF7 /* XCRemoteSwiftPackageReference "Then" */ = {
			isa = XCRemoteSwiftPackageReference;
			repositoryURL = "https://github.com/devxoul/Then";
			requirement = {
				kind = upToNextMajorVersion;
				minimumVersion = 3.0.0;
			};
		};
		07D4548C2CAEC6B5009FD782 /* XCRemoteSwiftPackageReference "SnapKit" */ = {
			isa = XCRemoteSwiftPackageReference;
			repositoryURL = "https://github.com/SnapKit/SnapKit";
			requirement = {
				kind = upToNextMajorVersion;
				minimumVersion = 5.7.1;
			};
		};
/* End XCRemoteSwiftPackageReference section */

/* Begin XCSwiftPackageProductDependency section */
		07D2261E2CB7D3AA00A27FF7 /* Then */ = {
			isa = XCSwiftPackageProductDependency;
			package = 07D2261D2CB7D3AA00A27FF7 /* XCRemoteSwiftPackageReference "Then" */;
			productName = Then;
		};
		07D4548D2CAEC6B5009FD782 /* SnapKit */ = {
			isa = XCSwiftPackageProductDependency;
			package = 07D4548C2CAEC6B5009FD782 /* XCRemoteSwiftPackageReference "SnapKit" */;
			productName = SnapKit;
		};
/* End XCSwiftPackageProductDependency section */
	};
	rootObject = 07C5FB5A2CA2385300BC0079 /* Project object */;
}
